{
  "name": "reggaetonizadol",
  "version": "1.0.0",
  "lockfileVersion": 1,
  "requires": true,
  "dependencies": {
    "js-tokens": {
      "version": "6.0.0",
      "resolved": "https://registry.npmjs.org/js-tokens/-/js-tokens-6.0.0.tgz",
      "integrity": "sha512-QJUTLeNZNFl/w4MmhHztb1I1UzV42KV/L/zNwNVGlCNc+zl8g01Nve0hPDGU+j2N7ctFZdLot49lUSi78L7WGg=="
    },
    "silabas": {
      "version": "1.0.3",
      "resolved": "https://registry.npmjs.org/silabas/-/silabas-1.0.3.tgz",
      "integrity": "sha1-+EjDg+1+mv3d3zHSN9lhnXayvB8="
    }
  }
}
